
Microsoft Visual Studio Solution File, Format Version 12.00
# Visual Studio Version 16
VisualStudioVersion = 16.0.30114.105
MinimumVisualStudioVersion = 10.0.40219.1
Project("{FAE04EC0-301F-11D3-BF4B-00C04F79EFBC}") = "API", "API\API.csproj", "{8EC7E7DA-1D3C-40B5-83FF-7F31BB1E1749}"
EndProject
Project("{FAE04EC0-301F-11D3-BF4B-00C04F79EFBC}") = "Application", "Application\Application.csproj", "{8A54D4D8-BCA7-4714-B1C7-AB8F5D7B417E}"
EndProject
Project("{FAE04EC0-301F-11D3-BF4B-00C04F79EFBC}") = "Domain", "Domain\Domain.csproj", "{F58F0763-128D-40B6-87BC-3C52318699E4}"
EndProject
Project("{FAE04EC0-301F-11D3-BF4B-00C04F79EFBC}") = "Persistence", "Persistence\Persistence.csproj", "{D0159C81-BA14-4B32-B97A-37BB8F3E9743}"
EndProject
Global
	GlobalSection(SolutionConfigurationPlatforms) = preSolution
		Debug|Any CPU = Debug|Any CPU
		Release|Any CPU = Release|Any CPU
	EndGlobalSection
	GlobalSection(SolutionProperties) = preSolution
		HideSolutionNode = FALSE
	EndGlobalSection
	GlobalSection(ProjectConfigurationPlatforms) = postSolution
		{8EC7E7DA-1D3C-40B5-83FF-7F31BB1E1749}.Debug|Any CPU.ActiveCfg = Debug|Any CPU
		{8EC7E7DA-1D3C-40B5-83FF-7F31BB1E1749}.Debug|Any CPU.Build.0 = Debug|Any CPU
		{8EC7E7DA-1D3C-40B5-83FF-7F31BB1E1749}.Release|Any CPU.ActiveCfg = Release|Any CPU
		{8EC7E7DA-1D3C-40B5-83FF-7F31BB1E1749}.Release|Any CPU.Build.0 = Release|Any CPU
		{8A54D4D8-BCA7-4714-B1C7-AB8F5D7B417E}.Debug|Any CPU.ActiveCfg = Debug|Any CPU
		{8A54D4D8-BCA7-4714-B1C7-AB8F5D7B417E}.Debug|Any CPU.Build.0 = Debug|Any CPU
		{8A54D4D8-BCA7-4714-B1C7-AB8F5D7B417E}.Release|Any CPU.ActiveCfg = Release|Any CPU
		{8A54D4D8-BCA7-4714-B1C7-AB8F5D7B417E}.Release|Any CPU.Build.0 = Release|Any CPU
		{F58F0763-128D-40B6-87BC-3C52318699E4}.Debug|Any CPU.ActiveCfg = Debug|Any CPU
		{F58F0763-128D-40B6-87BC-3C52318699E4}.Debug|Any CPU.Build.0 = Debug|Any CPU
		{F58F0763-128D-40B6-87BC-3C52318699E4}.Release|Any CPU.ActiveCfg = Release|Any CPU
		{F58F0763-128D-40B6-87BC-3C52318699E4}.Release|Any CPU.Build.0 = Release|Any CPU
		{D0159C81-BA14-4B32-B97A-37BB8F3E9743}.Debug|Any CPU.ActiveCfg = Debug|Any CPU
		{D0159C81-BA14-4B32-B97A-37BB8F3E9743}.Debug|Any CPU.Build.0 = Debug|Any CPU
		{D0159C81-BA14-4B32-B97A-37BB8F3E9743}.Release|Any CPU.ActiveCfg = Release|Any CPU
		{D0159C81-BA14-4B32-B97A-37BB8F3E9743}.Release|Any CPU.Build.0 = Release|Any CPU
	EndGlobalSection
EndGlobal
